// !$*UTF8*$!
{
	archiveVersion = 1;
	classes = {
	};
	objectVersion = 46;
	objects = {

/* Begin PBXBuildFile section */
		79561D531DB0B585005182F8 /* main.m in Sources */ = {isa = PBXBuildFile; fileRef = 79561D521DB0B585005182F8 /* main.m */; };
		79561D561DB0B585005182F8 /* AppDelegate.m in Sources */ = {isa = PBXBuildFile; fileRef = 79561D551DB0B585005182F8 /* AppDelegate.m */; };
		79561D591DB0B585005182F8 /* ViewController.m in Sources */ = {isa = PBXBuildFile; fileRef = 79561D581DB0B585005182F8 /* ViewController.m */; };
		79561D5C1DB0B585005182F8 /* Main.storyboard in Resources */ = {isa = PBXBuildFile; fileRef = 79561D5A1DB0B585005182F8 /* Main.storyboard */; };
		79561D5E1DB0B585005182F8 /* Assets.xcassets in Resources */ = {isa = PBXBuildFile; fileRef = 79561D5D1DB0B585005182F8 /* Assets.xcassets */; };
		79561D611DB0B585005182F8 /* LaunchScreen.storyboard in Resources */ = {isa = PBXBuildFile; fileRef = 79561D5F1DB0B585005182F8 /* LaunchScreen.storyboard */; };
		79561D6C1DB0B585005182F8 /* _3_UDPTests.m in Sources */ = {isa = PBXBuildFile; fileRef = 79561D6B1DB0B585005182F8 /* _3_UDPTests.m */; };
		79561D771DB0B585005182F8 /* _3_UDPUITests.m in Sources */ = {isa = PBXBuildFile; fileRef = 79561D761DB0B585005182F8 /* _3_UDPUITests.m */; };
		79561D871DB0B5B8005182F8 /* GCDAsyncUdpSocket.m in Sources */ = {isa = PBXBuildFile; fileRef = 79561D861DB0B5B8005182F8 /* GCDAsyncUdpSocket.m */; };
/* End PBXBuildFile section */

/* Begin PBXContainerItemProxy section */
		79561D681DB0B585005182F8 /* PBXContainerItemProxy */ = {
			isa = PBXContainerItemProxy;
			containerPortal = 79561D461DB0B585005182F8 /* Project object */;
			proxyType = 1;
			remoteGlobalIDString = 79561D4D1DB0B585005182F8;
			remoteInfo = "03-UDP";
		};
		79561D731DB0B585005182F8 /* PBXContainerItemProxy */ = {
			isa = PBXContainerItemProxy;
			containerPortal = 79561D461DB0B585005182F8 /* Project object */;
			proxyType = 1;
			remoteGlobalIDString = 79561D4D1DB0B585005182F8;
			remoteInfo = "03-UDP";
		};
/* End PBXContainerItemProxy section */

/* Begin PBXFileReference section */
		79561D4E1DB0B585005182F8 /* 03-UDP.app */ = {isa = PBXFileReference; explicitFileType = wrapper.application; includeInIndex = 0; path = "03-UDP.app"; sourceTree = BUILT_PRODUCTS_DIR; };
		79561D521DB0B585005182F8 /* main.m */ = {isa = PBXFileReference; lastKnownFileType = sourcecode.c.objc; path = main.m; sourceTree = "<group>"; };
		79561D541DB0B585005182F8 /* AppDelegate.h */ = {isa = PBXFileReference; lastKnownFileType = sourcecode.c.h; path = AppDelegate.h; sourceTree = "<group>"; };
		79561D551DB0B585005182F8 /* AppDelegate.m */ = {isa = PBXFileReference; lastKnownFileType = sourcecode.c.objc; path = AppDelegate.m; sourceTree = "<group>"; };
		79561D571DB0B585005182F8 /* ViewController.h */ = {isa = PBXFileReference; lastKnownFileType = sourcecode.c.h; path = ViewController.h; sourceTree = "<group>"; };
		79561D581DB0B585005182F8 /* ViewController.m */ = {isa = PBXFileReference; lastKnownFileType = sourcecode.c.objc; path = ViewController.m; sourceTree = "<group>"; };
		79561D5B1DB0B585005182F8 /* Base */ = {isa = PBXFileReference; lastKnownFileType = file.storyboard; name = Base; path = Base.lproj/Main.storyboard; sourceTree = "<group>"; };
		79561D5D1DB0B585005182F8 /* Assets.xcassets */ = {isa = PBXFileReference; lastKnownFileType = folder.assetcatalog; path = Assets.xcassets; sourceTree = "<group>"; };
		79561D601DB0B585005182F8 /* Base */ = {isa = PBXFileReference; lastKnownFileType = file.storyboard; name = Base; path = Base.lproj/LaunchScreen.storyboard; sourceTree = "<group>"; };
		79561D621DB0B585005182F8 /* Info.plist */ = {isa = PBXFileReference; lastKnownFileType = text.plist.xml; path = Info.plist; sourceTree = "<group>"; };
		79561D671DB0B585005182F8 /* 03-UDPTests.xctest */ = {isa = PBXFileReference; explicitFileType = wrapper.cfbundle; includeInIndex = 0; path = "03-UDPTests.xctest"; sourceTree = BUILT_PRODUCTS_DIR; };
		79561D6B1DB0B585005182F8 /* _3_UDPTests.m */ = {isa = PBXFileReference; lastKnownFileType = sourcecode.c.objc; path = _3_UDPTests.m; sourceTree = "<group>"; };
		79561D6D1DB0B585005182F8 /* Info.plist */ = {isa = PBXFileReference; lastKnownFileType = text.plist.xml; path = Info.plist; sourceTree = "<group>"; };
		79561D721DB0B585005182F8 /* 03-UDPUITests.xctest */ = {isa = PBXFileReference; explicitFileType = wrapper.cfbundle; includeInIndex = 0; path = "03-UDPUITests.xctest"; sourceTree = BUILT_PRODUCTS_DIR; };
		79561D761DB0B585005182F8 /* _3_UDPUITests.m */ = {isa = PBXFileReference; lastKnownFileType = sourcecode.c.objc; path = _3_UDPUITests.m; sourceTree = "<group>"; };
		79561D781DB0B585005182F8 /* Info.plist */ = {isa = PBXFileReference; lastKnownFileType = text.plist.xml; path = Info.plist; sourceTree = "<group>"; };
		79561D851DB0B5B8005182F8 /* GCDAsyncUdpSocket.h */ = {isa = PBXFileReference; fileEncoding = 4; lastKnownFileType = sourcecode.c.h; path = GCDAsyncUdpSocket.h; sourceTree = "<group>"; };
		79561D861DB0B5B8005182F8 /* GCDAsyncUdpSocket.m */ = {isa = PBXFileReference; fileEncoding = 4; lastKnownFileType = sourcecode.c.objc; path = GCDAsyncUdpSocket.m; sourceTree = "<group>"; };
/* End PBXFileReference section */

/* Begin PBXFrameworksBuildPhase section */
		79561D4B1DB0B585005182F8 /* Frameworks */ = {
			isa = PBXFrameworksBuildPhase;
			buildActionMask = 2147483647;
			files = (
			);
			runOnlyForDeploymentPostprocessing = 0;
		};
		79561D641DB0B585005182F8 /* Frameworks */ = {
			isa = PBXFrameworksBuildPhase;
			buildActionMask = 2147483647;
			files = (
			);
			runOnlyForDeploymentPostprocessing = 0;
		};
		79561D6F1DB0B585005182F8 /* Frameworks */ = {
			isa = PBXFrameworksBuildPhase;
			buildActionMask = 2147483647;
			files = (
			);
			runOnlyForDeploymentPostprocessing = 0;
		};
/* End PBXFrameworksBuildPhase section */

/* Begin PBXGroup section */
		79561D451DB0B585005182F8 = {
			isa = PBXGroup;
			children = (
				79561D501DB0B585005182F8 /* 03-UDP */,
				79561D6A1DB0B585005182F8 /* 03-UDPTests */,
				79561D751DB0B585005182F8 /* 03-UDPUITests */,
				79561D4F1DB0B585005182F8 /* Products */,
			);
			sourceTree = "<group>";
		};
		79561D4F1DB0B585005182F8 /* Products */ = {
			isa = PBXGroup;
			children = (
				79561D4E1DB0B585005182F8 /* 03-UDP.app */,
				79561D671DB0B585005182F8 /* 03-UDPTests.xctest */,
				79561D721DB0B585005182F8 /* 03-UDPUITests.xctest */,
			);
			name = Products;
			sourceTree = "<group>";
		};
		79561D501DB0B585005182F8 /* 03-UDP */ = {
			isa = PBXGroup;
			children = (
				79561D841DB0B5AF005182F8 /* UDP */,
				79561D541DB0B585005182F8 /* AppDelegate.h */,
				79561D551DB0B585005182F8 /* AppDelegate.m */,
				79561D571DB0B585005182F8 /* ViewController.h */,
				79561D581DB0B585005182F8 /* ViewController.m */,
				79561D5A1DB0B585005182F8 /* Main.storyboard */,
				79561D5D1DB0B585005182F8 /* Assets.xcassets */,
				79561D5F1DB0B585005182F8 /* LaunchScreen.storyboard */,
				79561D621DB0B585005182F8 /* Info.plist */,
				79561D511DB0B585005182F8 /* Supporting Files */,
			);
			path = "03-UDP";
			sourceTree = "<group>";
		};
		79561D511DB0B585005182F8 /* Supporting Files */ = {
			isa = PBXGroup;
			children = (
				79561D521DB0B585005182F8 /* main.m */,
			);
			name = "Supporting Files";
			sourceTree = "<group>";
		};
		79561D6A1DB0B585005182F8 /* 03-UDPTests */ = {
			isa = PBXGroup;
			children = (
				79561D6B1DB0B585005182F8 /* _3_UDPTests.m */,
				79561D6D1DB0B585005182F8 /* Info.plist */,
			);
			path = "03-UDPTests";
			sourceTree = "<group>";
		};
		79561D751DB0B585005182F8 /* 03-UDPUITests */ = {
			isa = PBXGroup;
			children = (
				79561D761DB0B585005182F8 /* _3_UDPUITests.m */,
				79561D781DB0B585005182F8 /* Info.plist */,
			);
			path = "03-UDPUITests";
			sourceTree = "<group>";
		};
		79561D841DB0B5AF005182F8 /* UDP */ = {
			isa = PBXGroup;
			children = (
				79561D851DB0B5B8005182F8 /* GCDAsyncUdpSocket.h */,
				79561D861DB0B5B8005182F8 /* GCDAsyncUdpSocket.m */,
			);
			name = UDP;
			sourceTree = "<group>";
		};
/* End PBXGroup section */

/* Begin PBXNativeTarget section */
		79561D4D1DB0B585005182F8 /* 03-UDP */ = {
			isa = PBXNativeTarget;
			buildConfigurationList = 79561D7B1DB0B585005182F8 /* Build configuration list for PBXNativeTarget "03-UDP" */;
			buildPhases = (
				79561D4A1DB0B585005182F8 /* Sources */,
				79561D4B1DB0B585005182F8 /* Frameworks */,
				79561D4C1DB0B585005182F8 /* Resources */,
			);
			buildRules = (
			);
			dependencies = (
			);
			name = "03-UDP";
			productName = "03-UDP";
			productReference = 79561D4E1DB0B585005182F8 /* 03-UDP.app */;
			productType = "com.apple.product-type.application";
		};
		79561D661DB0B585005182F8 /* 03-UDPTests */ = {
			isa = PBXNativeTarget;
			buildConfigurationList = 79561D7E1DB0B585005182F8 /* Build configuration list for PBXNativeTarget "03-UDPTests" */;
			buildPhases = (
				79561D631DB0B585005182F8 /* Sources */,
				79561D641DB0B585005182F8 /* Frameworks */,
				79561D651DB0B585005182F8 /* Resources */,
			);
			buildRules = (
			);
			dependencies = (
				79561D691DB0B585005182F8 /* PBXTargetDependency */,
			);
			name = "03-UDPTests";
			productName = "03-UDPTests";
			productReference = 79561D671DB0B585005182F8 /* 03-UDPTests.xctest */;
			productType = "com.apple.product-type.bundle.unit-test";
		};
		79561D711DB0B585005182F8 /* 03-UDPUITests */ = {
			isa = PBXNativeTarget;
			buildConfigurationList = 79561D811DB0B585005182F8 /* Build configuration list for PBXNativeTarget "03-UDPUITests" */;
			buildPhases = (
				79561D6E1DB0B585005182F8 /* Sources */,
				79561D6F1DB0B585005182F8 /* Frameworks */,
				79561D701DB0B585005182F8 /* Resources */,
			);
			buildRules = (
			);
			dependencies = (
				79561D741DB0B585005182F8 /* PBXTargetDependency */,
			);
			name = "03-UDPUITests";
			productName = "03-UDPUITests";
			productReference = 79561D721DB0B585005182F8 /* 03-UDPUITests.xctest */;
			productType = "com.apple.product-type.bundle.ui-testing";
		};
/* End PBXNativeTarget section */

/* Begin PBXProject section */
		79561D461DB0B585005182F8 /* Project object */ = {
			isa = PBXProject;
			attributes = {
				LastUpgradeCheck = 0800;
				ORGANIZATIONNAME = deli;
				TargetAttributes = {
					79561D4D1DB0B585005182F8 = {
						CreatedOnToolsVersion = 8.0;
						DevelopmentTeam = 29HB76392U;
						ProvisioningStyle = Automatic;
					};
					79561D661DB0B585005182F8 = {
						CreatedOnToolsVersion = 8.0;
						DevelopmentTeam = 29HB76392U;
						ProvisioningStyle = Automatic;
						TestTargetID = 79561D4D1DB0B585005182F8;
					};
					79561D711DB0B585005182F8 = {
						CreatedOnToolsVersion = 8.0;
						DevelopmentTeam = 29HB76392U;
						ProvisioningStyle = Automatic;
						TestTargetID = 79561D4D1DB0B585005182F8;
					};
				};
			};
			buildConfigurationList = 79561D491DB0B585005182F8 /* Build configuration list for PBXProject "03-UDP" */;
			compatibilityVersion = "Xcode 3.2";
			developmentRegion = English;
			hasScannedForEncodings = 0;
			knownRegions = (
				en,
				Base,
			);
			mainGroup = 79561D451DB0B585005182F8;
			productRefGroup = 79561D4F1DB0B585005182F8 /* Products */;
			projectDirPath = "";
			projectRoot = "";
			targets = (
				79561D4D1DB0B585005182F8 /* 03-UDP */,
				79561D661DB0B585005182F8 /* 03-UDPTests */,
				79561D711DB0B585005182F8 /* 03-UDPUITests */,
			);
		};
/* End PBXProject section */

/* Begin PBXResourcesBuildPhase section */
		79561D4C1DB0B585005182F8 /* Resources */ = {
			isa = PBXResourcesBuildPhase;
			buildActionMask = 2147483647;
			files = (
				79561D611DB0B585005182F8 /* LaunchScreen.storyboard in Resources */,
				79561D5E1DB0B585005182F8 /* Assets.xcassets in Resources */,
				79561D5C1DB0B585005182F8 /* Main.storyboard in Resources */,
			);
			runOnlyForDeploymentPostprocessing = 0;
		};
		79561D651DB0B585005182F8 /* Resources */ = {
			isa = PBXResourcesBuildPhase;
			buildActionMask = 2147483647;
			files = (
			);
			runOnlyForDeploymentPostprocessing = 0;
		};
		79561D701DB0B585005182F8 /* Resources */ = {
			isa = PBXResourcesBuildPhase;
			buildActionMask = 2147483647;
			files = (
			);
			runOnlyForDeploymentPostprocessing = 0;
		};
/* End PBXResourcesBuildPhase section */

/* Begin PBXSourcesBuildPhase section */
		79561D4A1DB0B585005182F8 /* Sources */ = {
			isa = PBXSourcesBuildPhase;
			buildActionMask = 2147483647;
			files = (
				79561D871DB0B5B8005182F8 /* GCDAsyncUdpSocket.m in Sources */,
				79561D591DB0B585005182F8 /* ViewController.m in Sources */,
				79561D561DB0B585005182F8 /* AppDelegate.m in Sources */,
				79561D531DB0B585005182F8 /* main.m in Sources */,
			);
			runOnlyForDeploymentPostprocessing = 0;
		};
		79561D631DB0B585005182F8 /* Sources */ = {
			isa = PBXSourcesBuildPhase;
			buildActionMask = 2147483647;
			files = (
				79561D6C1DB0B585005182F8 /* _3_UDPTests.m in Sources */,
			);
			runOnlyForDeploymentPostprocessing = 0;
		};
		79561D6E1DB0B585005182F8 /* Sources */ = {
			isa = PBXSourcesBuildPhase;
			buildActionMask = 2147483647;
			files = (
				79561D771DB0B585005182F8 /* _3_UDPUITests.m in Sources */,
			);
			runOnlyForDeploymentPostprocessing = 0;
		};
/* End PBXSourcesBuildPhase section */

/* Begin PBXTargetDependency section */
		79561D691DB0B585005182F8 /* PBXTargetDependency */ = {
			isa = PBXTargetDependency;
			target = 79561D4D1DB0B585005182F8 /* 03-UDP */;
			targetProxy = 79561D681DB0B585005182F8 /* PBXContainerItemProxy */;
		};
		79561D741DB0B585005182F8 /* PBXTargetDependency */ = {
			isa = PBXTargetDependency;
			target = 79561D4D1DB0B585005182F8 /* 03-UDP */;
			targetProxy = 79561D731DB0B585005182F8 /* PBXContainerItemProxy */;
		};
/* End PBXTargetDependency section */

/* Begin PBXVariantGroup section */
		79561D5A1DB0B585005182F8 /* Main.storyboard */ = {
			isa = PBXVariantGroup;
			children = (
				79561D5B1DB0B585005182F8 /* Base */,
			);
			name = Main.storyboard;
			sourceTree = "<group>";
		};
		79561D5F1DB0B585005182F8 /* LaunchScreen.storyboard */ = {
			isa = PBXVariantGroup;
			children = (
				79561D601DB0B585005182F8 /* Base */,
			);
			name = LaunchScreen.storyboard;
			sourceTree = "<group>";
		};
/* End PBXVariantGroup section */

/* Begin XCBuildConfiguration section */
		79561D791DB0B585005182F8 /* Debug */ = {
			isa = XCBuildConfiguration;
			buildSettings = {
				ALWAYS_SEARCH_USER_PATHS = NO;
				CLANG_ANALYZER_NONNULL = YES;
				CLANG_CXX_LANGUAGE_STANDARD = "gnu++0x";
				CLANG_CXX_LIBRARY = "libc++";
				CLANG_ENABLE_MODULES = YES;
				CLANG_ENABLE_OBJC_ARC = YES;
				CLANG_WARN_BOOL_CONVERSION = YES;
				CLANG_WARN_CONSTANT_CONVERSION = YES;
				CLANG_WARN_DIRECT_OBJC_ISA_USAGE = YES_ERROR;
				CLANG_WARN_DOCUMENTATION_COMMENTS = YES;
				CLANG_WARN_EMPTY_BODY = YES;
				CLANG_WARN_ENUM_CONVERSION = YES;
				CLANG_WARN_INFINITE_RECURSION = YES;
				CLANG_WARN_INT_CONVERSION = YES;
				CLANG_WARN_OBJC_ROOT_CLASS = YES_ERROR;
				CLANG_WARN_SUSPICIOUS_MOVES = YES;
				CLANG_WARN_UNREACHABLE_CODE = YES;
				CLANG_WARN__DUPLICATE_METHOD_MATCH = YES;
				"CODE_SIGN_IDENTITY[sdk=iphoneos*]" = "iPhone Developer";
				COPY_PHASE_STRIP = NO;
				DEBUG_INFORMATION_FORMAT = dwarf;
				ENABLE_STRICT_OBJC_MSGSEND = YES;
				ENABLE_TESTABILITY = YES;
				GCC_C_LANGUAGE_STANDARD = gnu99;
				GCC_DYNAMIC_NO_PIC = NO;
				GCC_NO_COMMON_BLOCKS = YES;
				GCC_OPTIMIZATION_LEVEL = 0;
				GCC_PREPROCESSOR_DEFINITIONS = (
					"DEBUG=1",
					"$(inherited)",
				);
				GCC_WARN_64_TO_32_BIT_CONVERSION = YES;
				GCC_WARN_ABOUT_RETURN_TYPE = YES_ERROR;
				GCC_WARN_UNDECLARED_SELECTOR = YES;
				GCC_WARN_UNINITIALIZED_AUTOS = YES_AGGRESSIVE;
				GCC_WARN_UNUSED_FUNCTION = YES;
				GCC_WARN_UNUSED_VARIABLE = YES;
				IPHONEOS_DEPLOYMENT_TARGET = 10.0;
				MTL_ENABLE_DEBUG_INFO = YES;
				ONLY_ACTIVE_ARCH = YES;
				SDKROOT = iphoneos;
			};
			name = Debug;
		};
		79561D7A1DB0B585005182F8 /* Release */ = {
			isa = XCBuildConfiguration;
			buildSettings = {
				ALWAYS_SEARCH_USER_PATHS = NO;
				CLANG_ANALYZER_NONNULL = YES;
				CLANG_CXX_LANGUAGE_STANDARD = "gnu++0x";
				CLANG_CXX_LIBRARY = "libc++";
				CLANG_ENABLE_MODULES = YES;
				CLANG_ENABLE_OBJC_ARC = YES;
				CLANG_WARN_BOOL_CONVERSION = YES;
				CLANG_WARN_CONSTANT_CONVERSION = YES;
				CLANG_WARN_DIRECT_OBJC_ISA_USAGE = YES_ERROR;
				CLANG_WARN_DOCUMENTATION_COMMENTS = YES;
				CLANG_WARN_EMPTY_BODY = YES;
				CLANG_WARN_ENUM_CONVERSION = YES;
				CLANG_WARN_INFINITE_RECURSION = YES;
				CLANG_WARN_INT_CONVERSION = YES;
				CLANG_WARN_OBJC_ROOT_CLASS = YES_ERROR;
				CLANG_WARN_SUSPICIOUS_MOVES = YES;
				CLANG_WARN_UNREACHABLE_CODE = YES;
				CLANG_WARN__DUPLICATE_METHOD_MATCH = YES;
				"CODE_SIGN_IDENTITY[sdk=iphoneos*]" = "iPhone Developer";
				COPY_PHASE_STRIP = NO;
				DEBUG_INFORMATION_FORMAT = "dwarf-with-dsym";
				ENABLE_NS_ASSERTIONS = NO;
				ENABLE_STRICT_OBJC_MSGSEND = YES;
				GCC_C_LANGUAGE_STANDARD = gnu99;
				GCC_NO_COMMON_BLOCKS = YES;
				GCC_WARN_64_TO_32_BIT_CONVERSION = YES;
				GCC_WARN_ABOUT_RETURN_TYPE = YES_ERROR;
				GCC_WARN_UNDECLARED_SELECTOR = YES;
				GCC_WARN_UNINITIALIZED_AUTOS = YES_AGGRESSIVE;
				GCC_WARN_UNUSED_FUNCTION = YES;
				GCC_WARN_UNUSED_VARIABLE = YES;
				IPHONEOS_DEPLOYMENT_TARGET = 10.0;
				MTL_ENABLE_DEBUG_INFO = NO;
				SDKROOT = iphoneos;
				VALIDATE_PRODUCT = YES;
			};
			name = Release;
		};
		79561D7C1DB0B585005182F8 /* Debug */ = {
			isa = XCBuildConfiguration;
			buildSettings = {
				ASSETCATALOG_COMPILER_APPICON_NAME = AppIcon;
				DEVELOPMENT_TEAM = 29HB76392U;
				INFOPLIST_FILE = "03-UDP/Info.plist";
				LD_RUNPATH_SEARCH_PATHS = "$(inherited) @executable_path/Frameworks";
				PRODUCT_BUNDLE_IDENTIFIER = "dasfds.-3-UDP";
				PRODUCT_NAME = "$(TARGET_NAME)";
			};
			name = Debug;
		};
		79561D7D1DB0B585005182F8 /* Release */ = {
			isa = XCBuildConfiguration;
			buildSettings = {
				ASSETCATALOG_COMPILER_APPICON_NAME = AppIcon;
				DEVELOPMENT_TEAM = 29HB76392U;
				INFOPLIST_FILE = "03-UDP/Info.plist";
				LD_RUNPATH_SEARCH_PATHS = "$(inherited) @executable_path/Frameworks";
				PRODUCT_BUNDLE_IDENTIFIER = "dasfds.-3-UDP";
				PRODUCT_NAME = "$(TARGET_NAME)";
			};
			name = Release;
		};
		79561D7F1DB0B585005182F8 /* Debug */ = {
			isa = XCBuildConfiguration;
			buildSettings = {
				BUNDLE_LOADER = "$(TEST_HOST)";
				DEVELOPMENT_TEAM = 29HB76392U;
				INFOPLIST_FILE = "03-UDPTests/Info.plist";
				LD_RUNPATH_SEARCH_PATHS = "$(inherited) @executable_path/Frameworks @loader_path/Frameworks";
				PRODUCT_BUNDLE_IDENTIFIER = "dasfds.-3-UDPTests";
				PRODUCT_NAME = "$(TARGET_NAME)";
				TEST_HOST = "$(BUILT_PRODUCTS_DIR)/03-UDP.app/03-UDP";
			};
			name = Debug;
		};
		79561D801DB0B585005182F8 /* Release */ = {
			isa = XCBuildConfiguration;
			buildSettings = {
				BUNDLE_LOADER = "$(TEST_HOST)";
				DEVELOPMENT_TEAM = 29HB76392U;
				INFOPLIST_FILE = "03-UDPTests/Info.plist";
				LD_RUNPATH_SEARCH_PATHS = "$(inherited) @executable_path/Frameworks @loader_path/Frameworks";
				PRODUCT_BUNDLE_IDENTIFIER = "dasfds.-3-UDPTests";
				PRODUCT_NAME = "$(TARGET_NAME)";
				TEST_HOST = "$(BUILT_PRODUCTS_DIR)/03-UDP.app/03-UDP";
			};
			name = Release;
		};
		79561D821DB0B585005182F8 /* Debug */ = {
			isa = XCBuildConfiguration;
			buildSettings = {
				DEVELOPMENT_TEAM = 29HB76392U;
				INFOPLIST_FILE = "03-UDPUITests/Info.plist";
				LD_RUNPATH_SEARCH_PATHS = "$(inherited) @executable_path/Frameworks @loader_path/Frameworks";
				PRODUCT_BUNDLE_IDENTIFIER = "dasfds.-3-UDPUITests";
				PRODUCT_NAME = "$(TARGET_NAME)";
				TEST_TARGET_NAME = "03-UDP";
			};
			name = Debug;
		};
		79561D831DB0B585005182F8 /* Release */ = {
			isa = XCBuildConfiguration;
			buildSettings = {
				DEVELOPMENT_TEAM = 29HB76392U;
				INFOPLIST_FILE = "03-UDPUITests/Info.plist";
				LD_RUNPATH_SEARCH_PATHS = "$(inherited) @executable_path/Frameworks @loader_path/Frameworks";
				PRODUCT_BUNDLE_IDENTIFIER = "dasfds.-3-UDPUITests";
				PRODUCT_NAME = "$(TARGET_NAME)";
				TEST_TARGET_NAME = "03-UDP";
			};
			name = Release;
		};
/* End XCBuildConfiguration section */

/* Begin XCConfigurationList section */
		79561D491DB0B585005182F8 /* Build configuration list for PBXProject "03-UDP" */ = {
			isa = XCConfigurationList;
			buildConfigurations = (
				79561D791DB0B585005182F8 /* Debug */,
				79561D7A1DB0B585005182F8 /* Release */,
			);
			defaultConfigurationIsVisible = 0;
			defaultConfigurationName = Release;
		};
		79561D7B1DB0B585005182F8 /* Build configuration list for PBXNativeTarget "03-UDP" */ = {
			isa = XCConfigurationList;
			buildConfigurations = (
				79561D7C1DB0B585005182F8 /* Debug */,
				79561D7D1DB0B585005182F8 /* Release */,
			);
			defaultConfigurationIsVisible = 0;
		};
		79561D7E1DB0B585005182F8 /* Build configuration list for PBXNativeTarget "03-UDPTests" */ = {
			isa = XCConfigurationList;
			buildConfigurations = (
				79561D7F1DB0B585005182F8 /* Debug */,
				79561D801DB0B585005182F8 /* Release */,
			);
			defaultConfigurationIsVisible = 0;
		};
		79561D811DB0B585005182F8 /* Build configuration list for PBXNativeTarget "03-UDPUITests" */ = {
			isa = XCConfigurationList;
			buildConfigurations = (
				79561D821DB0B585005182F8 /* Debug */,
				79561D831DB0B585005182F8 /* Release */,
			);
			defaultConfigurationIsVisible = 0;
		};
/* End XCConfigurationList section */
	};
	rootObject = 79561D461DB0B585005182F8 /* Project object */;
}
